
Microsoft Visual Studio Solution File, Format Version 12.00
# Visual Studio Version 17
VisualStudioVersion = 17.14.36401.2
MinimumVisualStudioVersion = 10.0.40219.1
Project("{2150E333-8FDC-42A3-9474-1A3956D46DE8}") = "src", "src", "{02EA681E-C7D8-13C7-8484-4AC65E1B71E8}"
	ProjectSection(SolutionItems) = preProject
		src\Directory.Build.targets = src\Directory.Build.targets
	EndProjectSection
EndProject
Project("{2150E333-8FDC-42A3-9474-1A3956D46DE8}") = "tests", "tests", "{91204677-A345-4C96-9678-2376882FED6E}"
	ProjectSection(SolutionItems) = preProject
		tests\Directory.Build.targets = tests\Directory.Build.targets
	EndProjectSection
EndProject
Project("{FAE04EC0-301F-11D3-BF4B-00C04F79EFBC}") = "SpanTools.ValueStringBuilder.Generator", "src\SpanTools.ValueStringBuilder.Generator\SpanTools.ValueStringBuilder.Generator.csproj", "{5E5555B6-AC91-4976-8567-B9C0541104F0}"
EndProject
Project("{FAE04EC0-301F-11D3-BF4B-00C04F79EFBC}") = "SpanTools.ValueStringBuilder.Generator.CodeGenHarness", "tests\SpanTools.ValueStringBuilder.Generator.CodeGenHarness\SpanTools.ValueStringBuilder.Generator.CodeGenHarness.csproj", "{DA6B7963-4A1E-4A38-8F0B-A7F6A675F48A}"
EndProject
Project("{FAE04EC0-301F-11D3-BF4B-00C04F79EFBC}") = "SpanTools.ValueStringBuilder.Generator.Package", "src\SpanTools.ValueStringBuilder.Generator.Package\SpanTools.ValueStringBuilder.Generator.Package.csproj", "{22B7498F-DAE0-42AE-904D-59E6EC1F39D3}"
EndProject
Project("{2150E333-8FDC-42A3-9474-1A3956D46DE8}") = "Solution Items", "Solution Items", "{9545BAB4-D514-4711-8415-9889D199390C}"
	ProjectSection(SolutionItems) = preProject
		.gitignore = .gitignore
		Directory.Build.props = Directory.Build.props
		Directory.Packages.props = Directory.Packages.props
		FUNDING.yml = FUNDING.yml
		global.json = global.json
		LICENSE.txt = LICENSE.txt
		README.md = README.md
		version.json = version.json
	EndProjectSection
EndProject
Project("{13B669BE-BB05-4DDF-9536-439F39A36129}") = ".github", ".github\.github.folderproj", "{873A3BE7-3364-F423-9686-FFB58C0896C4}"
EndProject
Project("{FAE04EC0-301F-11D3-BF4B-00C04F79EFBC}") = "eng", "eng\eng.folderproj", "{3B800D93-7B3A-118C-DDCD-4342047CDF09}"
EndProject
Project("{FAE04EC0-301F-11D3-BF4B-00C04F79EFBC}") = "SpanTools.ValueStringBuilder.Generator.Tests", "tests\SpanTools.ValueStringBuilder.Generator.Tests\SpanTools.ValueStringBuilder.Generator.Tests.csproj", "{79ACF70F-ED50-4715-9B08-54C915628147}"
EndProject
Global
	GlobalSection(SolutionConfigurationPlatforms) = preSolution
		Debug|Any CPU = Debug|Any CPU
		Release|Any CPU = Release|Any CPU
	EndGlobalSection
	GlobalSection(ProjectConfigurationPlatforms) = postSolution
		{5E5555B6-AC91-4976-8567-B9C0541104F0}.Debug|Any CPU.ActiveCfg = Debug|Any CPU
		{5E5555B6-AC91-4976-8567-B9C0541104F0}.Debug|Any CPU.Build.0 = Debug|Any CPU
		{5E5555B6-AC91-4976-8567-B9C0541104F0}.Release|Any CPU.ActiveCfg = Release|Any CPU
		{5E5555B6-AC91-4976-8567-B9C0541104F0}.Release|Any CPU.Build.0 = Release|Any CPU
		{DA6B7963-4A1E-4A38-8F0B-A7F6A675F48A}.Debug|Any CPU.ActiveCfg = Debug|Any CPU
		{DA6B7963-4A1E-4A38-8F0B-A7F6A675F48A}.Debug|Any CPU.Build.0 = Debug|Any CPU
		{DA6B7963-4A1E-4A38-8F0B-A7F6A675F48A}.Release|Any CPU.ActiveCfg = Release|Any CPU
		{DA6B7963-4A1E-4A38-8F0B-A7F6A675F48A}.Release|Any CPU.Build.0 = Release|Any CPU
		{22B7498F-DAE0-42AE-904D-59E6EC1F39D3}.Debug|Any CPU.ActiveCfg = Debug|Any CPU
		{22B7498F-DAE0-42AE-904D-59E6EC1F39D3}.Debug|Any CPU.Build.0 = Debug|Any CPU
		{22B7498F-DAE0-42AE-904D-59E6EC1F39D3}.Release|Any CPU.ActiveCfg = Release|Any CPU
		{22B7498F-DAE0-42AE-904D-59E6EC1F39D3}.Release|Any CPU.Build.0 = Release|Any CPU
		{873A3BE7-3364-F423-9686-FFB58C0896C4}.Debug|Any CPU.ActiveCfg = Debug|Any CPU
		{873A3BE7-3364-F423-9686-FFB58C0896C4}.Debug|Any CPU.Build.0 = Debug|Any CPU
		{873A3BE7-3364-F423-9686-FFB58C0896C4}.Release|Any CPU.ActiveCfg = Release|Any CPU
		{873A3BE7-3364-F423-9686-FFB58C0896C4}.Release|Any CPU.Build.0 = Release|Any CPU
		{3B800D93-7B3A-118C-DDCD-4342047CDF09}.Debug|Any CPU.ActiveCfg = Debug|Any CPU
		{3B800D93-7B3A-118C-DDCD-4342047CDF09}.Debug|Any CPU.Build.0 = Debug|Any CPU
		{3B800D93-7B3A-118C-DDCD-4342047CDF09}.Release|Any CPU.ActiveCfg = Release|Any CPU
		{3B800D93-7B3A-118C-DDCD-4342047CDF09}.Release|Any CPU.Build.0 = Release|Any CPU
		{79ACF70F-ED50-4715-9B08-54C915628147}.Debug|Any CPU.ActiveCfg = Debug|Any CPU
		{79ACF70F-ED50-4715-9B08-54C915628147}.Debug|Any CPU.Build.0 = Debug|Any CPU
		{79ACF70F-ED50-4715-9B08-54C915628147}.Release|Any CPU.ActiveCfg = Release|Any CPU
		{79ACF70F-ED50-4715-9B08-54C915628147}.Release|Any CPU.Build.0 = Release|Any CPU
	EndGlobalSection
	GlobalSection(SolutionProperties) = preSolution
		HideSolutionNode = FALSE
	EndGlobalSection
	GlobalSection(NestedProjects) = preSolution
		{5E5555B6-AC91-4976-8567-B9C0541104F0} = {02EA681E-C7D8-13C7-8484-4AC65E1B71E8}
		{DA6B7963-4A1E-4A38-8F0B-A7F6A675F48A} = {91204677-A345-4C96-9678-2376882FED6E}
		{22B7498F-DAE0-42AE-904D-59E6EC1F39D3} = {02EA681E-C7D8-13C7-8484-4AC65E1B71E8}
		{79ACF70F-ED50-4715-9B08-54C915628147} = {91204677-A345-4C96-9678-2376882FED6E}
	EndGlobalSection
	GlobalSection(ExtensibilityGlobals) = postSolution
		SolutionGuid = {01980438-C9CA-4EDC-B135-95B4803EA232}
	EndGlobalSection
EndGlobal
